
Microsoft Visual Studio Solution File, Format Version 12.00
# Visual Studio Version 17
VisualStudioVersion = 17.14.36109.1
MinimumVisualStudioVersion = 10.0.40219.1
Project("{2150E333-8FDC-42A3-9474-1A3956D46DE8}") = "Konu2_Tip_Donusumleri", "Konu2_Tip_Donusumleri", "{02EA681E-C7D8-13C7-8484-4AC65E1B71E8}"
EndProject
Project("{2150E333-8FDC-42A3-9474-1A3956D46DE8}") = "Konu3_Operatorler", "Konu3_Operatorler", "{15A97E5F-026C-447A-97DD-DA689A533AA6}"
EndProject
Project("{FAE04EC0-301F-11D3-BF4B-00C04F79EFBC}") = "260109_4_Convert_Tip_Donusumleri", "260113_4_Convert_Tip_Donusumleri\260109_4_Convert_Tip_Donusumleri.csproj", "{FB79B064-56E3-419F-92B0-421A9C1DE52E}"
EndProject
Project("{FAE04EC0-301F-11D3-BF4B-00C04F79EFBC}") = "260115_1_Aritmetik_Operatorler", "260115_1_Aritmetik_Operatorler\260115_1_Aritmetik_Operatorler.csproj", "{7A7E4858-C2FD-4AB2-B7CF-CBB80A90EF62}"
EndProject
Project("{FAE04EC0-301F-11D3-BF4B-00C04F79EFBC}") = "260115_2_Karsilastirma_Operatorleri", "260115_2_Karsilastirma_Operatorleri\260115_2_Karsilastirma_Operatorleri.csproj", "{5F22BFA9-D0BA-4245-A621-ECB77E8224F5}"
EndProject
Project("{FAE04EC0-301F-11D3-BF4B-00C04F79EFBC}") = "260115_3_Mantiksal_Operatorler", "260115_3_Mantiksal_Operatorler\260115_3_Mantiksal_Operatorler.csproj", "{AD16DBBA-1306-4312-94A0-3F0EF322317B}"
EndProject
Project("{FAE04EC0-301F-11D3-BF4B-00C04F79EFBC}") = "260115_4_Ornek_Operatorler", "260115_4_Ornek_Operatorler\260115_4_Ornek_Operatorler.csproj", "{4E243A4F-BB94-43E3-ACB7-3FDAE829005A}"
EndProject
Project("{FAE04EC0-301F-11D3-BF4B-00C04F79EFBC}") = "260116_1_Atama_Operatorleri", "..\console\AriBilgiConsoleDersleri\260116_1_Atama_Operatorleri\260116_1_Atama_Operatorleri.csproj", "{DC781CC7-AC23-20F1-A6C9-536B16CC62F6}"
EndProject
Project("{FAE04EC0-301F-11D3-BF4B-00C04F79EFBC}") = "260116_1_Atama_Operatorleri_", "260116_1_Atama_Operatorleri_\260116_1_Atama_Operatorleri_.csproj", "{2E2F55DF-CBD5-4B10-8188-65770FE8C673}"
EndProject
Project("{FAE04EC0-301F-11D3-BF4B-00C04F79EFBC}") = "260116_2_Odevler", "260116_2_Odevler\260116_2_Odevler.csproj", "{A779D893-0F2B-423B-BB23-E4A17701BD00}"
EndProject
Project("{2150E333-8FDC-42A3-9474-1A3956D46DE8}") = "Konu4_Karar_Yapilari", "Konu4_Karar_Yapilari", "{EF2B90D7-4484-46FA-99EF-E106C6DFA06E}"
EndProject
Project("{FAE04EC0-301F-11D3-BF4B-00C04F79EFBC}") = "260120_1_Tanim", "260120_1_Tanim\260120_1_Tanim.csproj", "{C834B948-4E8E-4503-A665-D2FF0353D260}"
EndProject
Project("{FAE04EC0-301F-11D3-BF4B-00C04F79EFBC}") = "260120_2_if_else_ornek", "260120_2_if_else_ornek\260120_2_if_else_ornek.csproj", "{53E0E632-E6D0-40E7-8EE4-1347DDE3DE46}"
EndProject
Project("{FAE04EC0-301F-11D3-BF4B-00C04F79EFBC}") = "260120_3_if_else_Login", "260120_3_if_else_Login\260120_3_if_else_Login.csproj", "{227BFDCC-0CE7-41D3-94A3-ED1A14EA58BB}"
EndProject
Project("{FAE04EC0-301F-11D3-BF4B-00C04F79EFBC}") = "260120_4_if_else_maas_cinsiyet", "260120_4_if_else_maas_cinsiyet\260120_4_if_else_maas_cinsiyet.csproj", "{3BE330F7-7492-4E4B-8448-BD3B0946F550}"
EndProject
Project("{FAE04EC0-301F-11D3-BF4B-00C04F79EFBC}") = "260120_5_if_elseif_else_Tanim", "260120_5_if_elseif_else_Tanim\260120_5_if_elseif_else_Tanim.csproj", "{4EDE18B1-E30E-48CB-B4D6-5BF316BD992A}"
EndProject
Project("{FAE04EC0-301F-11D3-BF4B-00C04F79EFBC}") = "260120_6_Odev_if_elseif_else", "260120_6_Odev_if_elseif_else\260120_6_Odev_if_elseif_else.csproj", "{1F80F805-814D-43B7-AE5D-B28271C16258}"
EndProject
Project("{FAE04EC0-301F-11D3-BF4B-00C04F79EFBC}") = "260122_1_if_elseif_else_fatura", "260122_1_if_elseif_else_fatura\260122_1_if_elseif_else_fatura.csproj", "{19948C5B-8248-4A39-9CB2-68CE70F937A8}"
EndProject
Project("{FAE04EC0-301F-11D3-BF4B-00C04F79EFBC}") = "260122_2_siralama", "260122_2_siralama\260122_2_siralama.csproj", "{71464E9F-80CA-44A8-9BE8-92E7BB460ADD}"
EndProject
Project("{FAE04EC0-301F-11D3-BF4B-00C04F79EFBC}") = "260122_3_emekli_if_elseif_else", "260122_3_emekli_if_elseif_else\260122_3_emekli_if_elseif_else.csproj", "{F122F69E-9D42-4293-A6BE-4E459C27AB94}"
EndProject
Project("{FAE04EC0-301F-11D3-BF4B-00C04F79EFBC}") = "260122_4_maas_zam", "260122_4_maas_zam\260122_4_maas_zam.csproj", "{708B4F11-B79C-4334-B125-8488FAEAFCEE}"
EndProject
Project("{FAE04EC0-301F-11D3-BF4B-00C04F79EFBC}") = "260123_1_switch_case", "260123_1_switch_case\260123_1_switch_case.csproj", "{E9A46AE9-36BF-441F-A8C7-EEDC3663E456}"
EndProject
Project("{FAE04EC0-301F-11D3-BF4B-00C04F79EFBC}") = "260123_2_switch_case_ornek1", "260123_2_switch_case_ornek1\260123_2_switch_case_ornek1.csproj", "{D19E7E74-16CD-47D7-BB71-E2DBDB73E120}"
EndProject
Project("{FAE04EC0-301F-11D3-BF4B-00C04F79EFBC}") = "260123_3_ternary_operatoru", "260123_3_ternary_operatoru\260123_3_ternary_operatoru.csproj", "{C87A4B8B-C8D0-4AEA-BCE2-91FC8267CF24}"
EndProject
Project("{2150E333-8FDC-42A3-9474-1A3956D46DE8}") = "Konu5_Donguler_Diziler", "Konu5_Donguler_Diziler", "{BAC60D0C-D76F-44BB-885A-38087F95E787}"
EndProject
Project("{FAE04EC0-301F-11D3-BF4B-00C04F79EFBC}") = "260123_4_while", "260123_4_while\260123_4_while.csproj", "{E3E6CBB5-2FDD-4484-B464-47C2A8ADA4A6}"
EndProject
Project("{FAE04EC0-301F-11D3-BF4B-00C04F79EFBC}") = "260123_5_while_ornek1", "260123_5_while_ornek1\260123_5_while_ornek1.csproj", "{53EA234E-8E41-4965-B602-933C906F913F}"
EndProject
Project("{FAE04EC0-301F-11D3-BF4B-00C04F79EFBC}") = "260123_6_while_ornek2", "260123_6_while_ornek2\260123_6_while_ornek2.csproj", "{2640BF0D-2596-4A1E-9FEA-79C2037B42E7}"
EndProject
Project("{FAE04EC0-301F-11D3-BF4B-00C04F79EFBC}") = "260127_1_Super_Sayi_While", "260127_1_Super_Sayi_While\260127_1_Super_Sayi_While.csproj", "{3DBA09BD-8851-45E5-B56E-A88F9F099A63}"
EndProject
Project("{FAE04EC0-301F-11D3-BF4B-00C04F79EFBC}") = "260127_2_do_while", "260127_2_do_while\260127_2_do_while.csproj", "{3A61E0F5-DDAF-4F4F-9458-CAD12044C744}"
EndProject
Project("{FAE04EC0-301F-11D3-BF4B-00C04F79EFBC}") = "260127_3_do_while_ornek1", "260127_3_do_while_ornek1\260127_3_do_while_ornek1.csproj", "{9DF154F1-E142-4F73-A7B1-805910A6FCBB}"
EndProject
Project("{FAE04EC0-301F-11D3-BF4B-00C04F79EFBC}") = "260129_1_for_Dongusu", "260129_1_for_Dongusu\260129_1_for_Dongusu.csproj", "{E929CC80-220A-46B4-84D7-4517DA3CE2E2}"
EndProject
Project("{FAE04EC0-301F-11D3-BF4B-00C04F79EFBC}") = "260129_2_for_ornek1", "260129_2_for_ornek1\260129_2_for_ornek1.csproj", "{7F197765-8A92-4B08-8123-E0730A10A9F0}"
EndProject
Project("{FAE04EC0-301F-11D3-BF4B-00C04F79EFBC}") = "260129_3_for_ornek2", "260129_3_for_ornek2\260129_3_for_ornek2.csproj", "{6FC20E11-F55C-4D35-91C9-E08078A91B1A}"
EndProject
Project("{FAE04EC0-301F-11D3-BF4B-00C04F79EFBC}") = "260129_4_for_ters_gosterme", "260129_4_for_ters_gosterme\260129_4_for_ters_gosterme.csproj", "{6C82C442-640B-4DFE-B045-83074647FB9A}"
EndProject
Project("{FAE04EC0-301F-11D3-BF4B-00C04F79EFBC}") = "260129_5_for_dik_ucgen", "260129_5_for_dik_ucgen\260129_5_for_dik_ucgen.csproj", "{7A3980BC-08D4-4F6A-870E-1CFAB724C04D}"
EndProject
Project("{FAE04EC0-301F-11D3-BF4B-00C04F79EFBC}") = "260129_6_for_dik_ucgen_ters_say", "260129_6_for_dik_ucgen_ters_say\260129_6_for_dik_ucgen_ters_say.csproj", "{CDB62965-EE75-48E1-95F4-69464F9347B8}"
EndProject
Project("{FAE04EC0-301F-11D3-BF4B-00C04F79EFBC}") = "260129_7_ters_dik_ucgen_for", "260109_7_ters_dik_ucgen_for\260129_7_ters_dik_ucgen_for.csproj", "{B6FA983B-40D3-4188-96C1-F8FFF48E19A7}"
EndProject
Project("{FAE04EC0-301F-11D3-BF4B-00C04F79EFBC}") = "260130_1_Diziler", "260130_1_Diziler\260130_1_Diziler.csproj", "{131490F0-CA06-43A8-ADF9-FE355EDADB44}"
EndProject
Project("{FAE04EC0-301F-11D3-BF4B-00C04F79EFBC}") = "260130_2_dizi_ornek1", "260130_2_dizi_ornek1\260130_2_dizi_ornek1.csproj", "{EA1B6912-06DC-4F9E-A6A4-E2781EAB3FF7}"
EndProject
Project("{FAE04EC0-301F-11D3-BF4B-00C04F79EFBC}") = "260130_3_dizi_while", "260130_3_dizi_while\260130_3_dizi_while.csproj", "{BD221170-7556-4A7A-879B-9B8E21940F4D}"
EndProject
Project("{FAE04EC0-301F-11D3-BF4B-00C04F79EFBC}") = "260130_4_dizi_ornek", "260130_4_dizi_ornek\260130_4_dizi_ornek.csproj", "{CCC68620-F60A-49E1-8D5F-87FA6A51714A}"
EndProject
Project("{FAE04EC0-301F-11D3-BF4B-00C04F79EFBC}") = "260130_5_dizi_ornek", "260130_5_dizi_ornek\260130_5_dizi_ornek.csproj", "{57EE8EA7-5B66-4EAF-A92B-7FC71114C3EE}"
EndProject
Project("{FAE04EC0-301F-11D3-BF4B-00C04F79EFBC}") = "260130_6_dizi_random", "260130_6_dizi_random\260130_6_dizi_random.csproj", "{C200627A-939D-4A62-A66C-A88F5FA392D9}"
EndProject
Project("{FAE04EC0-301F-11D3-BF4B-00C04F79EFBC}") = "260130_7_Diziler_Odev", "260130_7_Diziler_Odev\260130_7_Diziler_Odev.csproj", "{43A8E041-8426-4263-BE38-6F07E2D35848}"
EndProject
Project("{2150E333-8FDC-42A3-9474-1A3956D46DE8}") = "Konu6_Collection_foreach", "Konu6_Collection_foreach", "{31D92B2B-AD48-42CD-ABF0-F70F5DAE565C}"
EndProject
Project("{FAE04EC0-301F-11D3-BF4B-00C04F79EFBC}") = "260203_2_dizi_arraylist", "260203_2_collection\260203_2_dizi_arraylist.csproj", "{2C00053C-0CAC-4429-AE63-13D9A3644954}"
EndProject
Project("{FAE04EC0-301F-11D3-BF4B-00C04F79EFBC}") = "260205_1_foreach_tanim", "260205_1_foreach_tanim\260205_1_foreach_tanim.csproj", "{4D096062-5427-4BD6-96BA-81ECEAB5E0BA}"
EndProject
Project("{FAE04EC0-301F-11D3-BF4B-00C04F79EFBC}") = "260205_2_collection", "260205_2_collection\260205_2_collection.csproj", "{CE8C63A7-4D09-4263-BC0B-9B94B125D1F2}"
EndProject
Project("{2150E333-8FDC-42A3-9474-1A3956D46DE8}") = "Konu7_Method_Function", "Konu7_Method_Function", "{5EB35663-3962-4CCF-900C-9A5D34096208}"
EndProject
Project("{FAE04EC0-301F-11D3-BF4B-00C04F79EFBC}") = "260205_3_collection_ornek1", "260205_3_collection_ornek1\260205_3_collection_ornek1.csproj", "{056381E3-4BDE-40E4-90EA-BD01BECE9D48}"
EndProject
Project("{FAE04EC0-301F-11D3-BF4B-00C04F79EFBC}") = "260206_1_method_tanim", "260206_1_method_tanim\260206_1_method_tanim.csproj", "{933813A6-5F26-4F8B-B843-A86DDC3675E4}"
EndProject
Project("{FAE04EC0-301F-11D3-BF4B-00C04F79EFBC}") = "260206_2_deger_dondurmeyen_void_method", "260206_2_deger_dondurmeyen_void_method\260206_2_deger_dondurmeyen_void_method.csproj", "{2BFB9F46-DCBC-4486-89B2-3464EC169E65}"
EndProject
Project("{FAE04EC0-301F-11D3-BF4B-00C04F79EFBC}") = "260206_3_deger_donduren_return_method", "260206_3_deger_donduren_return_method\260206_3_deger_donduren_return_method.csproj", "{4C43913B-94B9-4F89-82B9-3314F6D0384B}"
EndProject
Project("{FAE04EC0-301F-11D3-BF4B-00C04F79EFBC}") = "260206_4_method_ornekler", "260206_4_method_ornekler\260206_4_method_ornekler.csproj", "{19A78DB3-C151-4384-8689-539A03A1ED12}"
EndProject
Global
	GlobalSection(SolutionConfigurationPlatforms) = preSolution
		Debug|Any CPU = Debug|Any CPU
		Release|Any CPU = Release|Any CPU
	EndGlobalSection
	GlobalSection(ProjectConfigurationPlatforms) = postSolution
		{FB79B064-56E3-419F-92B0-421A9C1DE52E}.Debug|Any CPU.ActiveCfg = Debug|Any CPU
		{FB79B064-56E3-419F-92B0-421A9C1DE52E}.Debug|Any CPU.Build.0 = Debug|Any CPU
		{FB79B064-56E3-419F-92B0-421A9C1DE52E}.Release|Any CPU.ActiveCfg = Release|Any CPU
		{FB79B064-56E3-419F-92B0-421A9C1DE52E}.Release|Any CPU.Build.0 = Release|Any CPU
		{7A7E4858-C2FD-4AB2-B7CF-CBB80A90EF62}.Debug|Any CPU.ActiveCfg = Debug|Any CPU
		{7A7E4858-C2FD-4AB2-B7CF-CBB80A90EF62}.Debug|Any CPU.Build.0 = Debug|Any CPU
		{7A7E4858-C2FD-4AB2-B7CF-CBB80A90EF62}.Release|Any CPU.ActiveCfg = Release|Any CPU
		{7A7E4858-C2FD-4AB2-B7CF-CBB80A90EF62}.Release|Any CPU.Build.0 = Release|Any CPU
		{5F22BFA9-D0BA-4245-A621-ECB77E8224F5}.Debug|Any CPU.ActiveCfg = Debug|Any CPU
		{5F22BFA9-D0BA-4245-A621-ECB77E8224F5}.Debug|Any CPU.Build.0 = Debug|Any CPU
		{5F22BFA9-D0BA-4245-A621-ECB77E8224F5}.Release|Any CPU.ActiveCfg = Release|Any CPU
		{5F22BFA9-D0BA-4245-A621-ECB77E8224F5}.Release|Any CPU.Build.0 = Release|Any CPU
		{AD16DBBA-1306-4312-94A0-3F0EF322317B}.Debug|Any CPU.ActiveCfg = Debug|Any CPU
		{AD16DBBA-1306-4312-94A0-3F0EF322317B}.Debug|Any CPU.Build.0 = Debug|Any CPU
		{AD16DBBA-1306-4312-94A0-3F0EF322317B}.Release|Any CPU.ActiveCfg = Release|Any CPU
		{AD16DBBA-1306-4312-94A0-3F0EF322317B}.Release|Any CPU.Build.0 = Release|Any CPU
		{4E243A4F-BB94-43E3-ACB7-3FDAE829005A}.Debug|Any CPU.ActiveCfg = Debug|Any CPU
		{4E243A4F-BB94-43E3-ACB7-3FDAE829005A}.Debug|Any CPU.Build.0 = Debug|Any CPU
		{4E243A4F-BB94-43E3-ACB7-3FDAE829005A}.Release|Any CPU.ActiveCfg = Release|Any CPU
		{4E243A4F-BB94-43E3-ACB7-3FDAE829005A}.Release|Any CPU.Build.0 = Release|Any CPU
		{DC781CC7-AC23-20F1-A6C9-536B16CC62F6}.Debug|Any CPU.ActiveCfg = Debug|Any CPU
		{DC781CC7-AC23-20F1-A6C9-536B16CC62F6}.Debug|Any CPU.Build.0 = Debug|Any CPU
		{DC781CC7-AC23-20F1-A6C9-536B16CC62F6}.Release|Any CPU.ActiveCfg = Release|Any CPU
		{DC781CC7-AC23-20F1-A6C9-536B16CC62F6}.Release|Any CPU.Build.0 = Release|Any CPU
		{2E2F55DF-CBD5-4B10-8188-65770FE8C673}.Debug|Any CPU.ActiveCfg = Debug|Any CPU
		{2E2F55DF-CBD5-4B10-8188-65770FE8C673}.Debug|Any CPU.Build.0 = Debug|Any CPU
		{2E2F55DF-CBD5-4B10-8188-65770FE8C673}.Release|Any CPU.ActiveCfg = Release|Any CPU
		{2E2F55DF-CBD5-4B10-8188-65770FE8C673}.Release|Any CPU.Build.0 = Release|Any CPU
		{A779D893-0F2B-423B-BB23-E4A17701BD00}.Debug|Any CPU.ActiveCfg = Debug|Any CPU
		{A779D893-0F2B-423B-BB23-E4A17701BD00}.Debug|Any CPU.Build.0 = Debug|Any CPU
		{A779D893-0F2B-423B-BB23-E4A17701BD00}.Release|Any CPU.ActiveCfg = Release|Any CPU
		{A779D893-0F2B-423B-BB23-E4A17701BD00}.Release|Any CPU.Build.0 = Release|Any CPU
		{C834B948-4E8E-4503-A665-D2FF0353D260}.Debug|Any CPU.ActiveCfg = Debug|Any CPU
		{C834B948-4E8E-4503-A665-D2FF0353D260}.Debug|Any CPU.Build.0 = Debug|Any CPU
		{C834B948-4E8E-4503-A665-D2FF0353D260}.Release|Any CPU.ActiveCfg = Release|Any CPU
		{C834B948-4E8E-4503-A665-D2FF0353D260}.Release|Any CPU.Build.0 = Release|Any CPU
		{53E0E632-E6D0-40E7-8EE4-1347DDE3DE46}.Debug|Any CPU.ActiveCfg = Debug|Any CPU
		{53E0E632-E6D0-40E7-8EE4-1347DDE3DE46}.Debug|Any CPU.Build.0 = Debug|Any CPU
		{53E0E632-E6D0-40E7-8EE4-1347DDE3DE46}.Release|Any CPU.ActiveCfg = Release|Any CPU
		{53E0E632-E6D0-40E7-8EE4-1347DDE3DE46}.Release|Any CPU.Build.0 = Release|Any CPU
		{227BFDCC-0CE7-41D3-94A3-ED1A14EA58BB}.Debug|Any CPU.ActiveCfg = Debug|Any CPU
		{227BFDCC-0CE7-41D3-94A3-ED1A14EA58BB}.Debug|Any CPU.Build.0 = Debug|Any CPU
		{227BFDCC-0CE7-41D3-94A3-ED1A14EA58BB}.Release|Any CPU.ActiveCfg = Release|Any CPU
		{227BFDCC-0CE7-41D3-94A3-ED1A14EA58BB}.Release|Any CPU.Build.0 = Release|Any CPU
		{3BE330F7-7492-4E4B-8448-BD3B0946F550}.Debug|Any CPU.ActiveCfg = Debug|Any CPU
		{3BE330F7-7492-4E4B-8448-BD3B0946F550}.Debug|Any CPU.Build.0 = Debug|Any CPU
		{3BE330F7-7492-4E4B-8448-BD3B0946F550}.Release|Any CPU.ActiveCfg = Release|Any CPU
		{3BE330F7-7492-4E4B-8448-BD3B0946F550}.Release|Any CPU.Build.0 = Release|Any CPU
		{4EDE18B1-E30E-48CB-B4D6-5BF316BD992A}.Debug|Any CPU.ActiveCfg = Debug|Any CPU
		{4EDE18B1-E30E-48CB-B4D6-5BF316BD992A}.Debug|Any CPU.Build.0 = Debug|Any CPU
		{4EDE18B1-E30E-48CB-B4D6-5BF316BD992A}.Release|Any CPU.ActiveCfg = Release|Any CPU
		{4EDE18B1-E30E-48CB-B4D6-5BF316BD992A}.Release|Any CPU.Build.0 = Release|Any CPU
		{1F80F805-814D-43B7-AE5D-B28271C16258}.Debug|Any CPU.ActiveCfg = Debug|Any CPU
		{1F80F805-814D-43B7-AE5D-B28271C16258}.Debug|Any CPU.Build.0 = Debug|Any CPU
		{1F80F805-814D-43B7-AE5D-B28271C16258}.Release|Any CPU.ActiveCfg = Release|Any CPU
		{1F80F805-814D-43B7-AE5D-B28271C16258}.Release|Any CPU.Build.0 = Release|Any CPU
		{19948C5B-8248-4A39-9CB2-68CE70F937A8}.Debug|Any CPU.ActiveCfg = Debug|Any CPU
		{19948C5B-8248-4A39-9CB2-68CE70F937A8}.Debug|Any CPU.Build.0 = Debug|Any CPU
		{19948C5B-8248-4A39-9CB2-68CE70F937A8}.Release|Any CPU.ActiveCfg = Release|Any CPU
		{19948C5B-8248-4A39-9CB2-68CE70F937A8}.Release|Any CPU.Build.0 = Release|Any CPU
		{71464E9F-80CA-44A8-9BE8-92E7BB460ADD}.Debug|Any CPU.ActiveCfg = Debug|Any CPU
		{71464E9F-80CA-44A8-9BE8-92E7BB460ADD}.Debug|Any CPU.Build.0 = Debug|Any CPU
		{71464E9F-80CA-44A8-9BE8-92E7BB460ADD}.Release|Any CPU.ActiveCfg = Release|Any CPU
		{71464E9F-80CA-44A8-9BE8-92E7BB460ADD}.Release|Any CPU.Build.0 = Release|Any CPU
		{F122F69E-9D42-4293-A6BE-4E459C27AB94}.Debug|Any CPU.ActiveCfg = Debug|Any CPU
		{F122F69E-9D42-4293-A6BE-4E459C27AB94}.Debug|Any CPU.Build.0 = Debug|Any CPU
		{F122F69E-9D42-4293-A6BE-4E459C27AB94}.Release|Any CPU.ActiveCfg = Release|Any CPU
		{F122F69E-9D42-4293-A6BE-4E459C27AB94}.Release|Any CPU.Build.0 = Release|Any CPU
		{708B4F11-B79C-4334-B125-8488FAEAFCEE}.Debug|Any CPU.ActiveCfg = Debug|Any CPU
		{708B4F11-B79C-4334-B125-8488FAEAFCEE}.Debug|Any CPU.Build.0 = Debug|Any CPU
		{708B4F11-B79C-4334-B125-8488FAEAFCEE}.Release|Any CPU.ActiveCfg = Release|Any CPU
		{708B4F11-B79C-4334-B125-8488FAEAFCEE}.Release|Any CPU.Build.0 = Release|Any CPU
		{E9A46AE9-36BF-441F-A8C7-EEDC3663E456}.Debug|Any CPU.ActiveCfg = Debug|Any CPU
		{E9A46AE9-36BF-441F-A8C7-EEDC3663E456}.Debug|Any CPU.Build.0 = Debug|Any CPU
		{E9A46AE9-36BF-441F-A8C7-EEDC3663E456}.Release|Any CPU.ActiveCfg = Release|Any CPU
		{E9A46AE9-36BF-441F-A8C7-EEDC3663E456}.Release|Any CPU.Build.0 = Release|Any CPU
		{D19E7E74-16CD-47D7-BB71-E2DBDB73E120}.Debug|Any CPU.ActiveCfg = Debug|Any CPU
		{D19E7E74-16CD-47D7-BB71-E2DBDB73E120}.Debug|Any CPU.Build.0 = Debug|Any CPU
		{D19E7E74-16CD-47D7-BB71-E2DBDB73E120}.Release|Any CPU.ActiveCfg = Release|Any CPU
		{D19E7E74-16CD-47D7-BB71-E2DBDB73E120}.Release|Any CPU.Build.0 = Release|Any CPU
		{C87A4B8B-C8D0-4AEA-BCE2-91FC8267CF24}.Debug|Any CPU.ActiveCfg = Debug|Any CPU
		{C87A4B8B-C8D0-4AEA-BCE2-91FC8267CF24}.Debug|Any CPU.Build.0 = Debug|Any CPU
		{C87A4B8B-C8D0-4AEA-BCE2-91FC8267CF24}.Release|Any CPU.ActiveCfg = Release|Any CPU
		{C87A4B8B-C8D0-4AEA-BCE2-91FC8267CF24}.Release|Any CPU.Build.0 = Release|Any CPU
		{E3E6CBB5-2FDD-4484-B464-47C2A8ADA4A6}.Debug|Any CPU.ActiveCfg = Debug|Any CPU
		{E3E6CBB5-2FDD-4484-B464-47C2A8ADA4A6}.Debug|Any CPU.Build.0 = Debug|Any CPU
		{E3E6CBB5-2FDD-4484-B464-47C2A8ADA4A6}.Release|Any CPU.ActiveCfg = Release|Any CPU
		{E3E6CBB5-2FDD-4484-B464-47C2A8ADA4A6}.Release|Any CPU.Build.0 = Release|Any CPU
		{53EA234E-8E41-4965-B602-933C906F913F}.Debug|Any CPU.ActiveCfg = Debug|Any CPU
		{53EA234E-8E41-4965-B602-933C906F913F}.Debug|Any CPU.Build.0 = Debug|Any CPU
		{53EA234E-8E41-4965-B602-933C906F913F}.Release|Any CPU.ActiveCfg = Release|Any CPU
		{53EA234E-8E41-4965-B602-933C906F913F}.Release|Any CPU.Build.0 = Release|Any CPU
		{2640BF0D-2596-4A1E-9FEA-79C2037B42E7}.Debug|Any CPU.ActiveCfg = Debug|Any CPU
		{2640BF0D-2596-4A1E-9FEA-79C2037B42E7}.Debug|Any CPU.Build.0 = Debug|Any CPU
		{2640BF0D-2596-4A1E-9FEA-79C2037B42E7}.Release|Any CPU.ActiveCfg = Release|Any CPU
		{2640BF0D-2596-4A1E-9FEA-79C2037B42E7}.Release|Any CPU.Build.0 = Release|Any CPU
		{3DBA09BD-8851-45E5-B56E-A88F9F099A63}.Debug|Any CPU.ActiveCfg = Debug|Any CPU
		{3DBA09BD-8851-45E5-B56E-A88F9F099A63}.Debug|Any CPU.Build.0 = Debug|Any CPU
		{3DBA09BD-8851-45E5-B56E-A88F9F099A63}.Release|Any CPU.ActiveCfg = Release|Any CPU
		{3DBA09BD-8851-45E5-B56E-A88F9F099A63}.Release|Any CPU.Build.0 = Release|Any CPU
		{3A61E0F5-DDAF-4F4F-9458-CAD12044C744}.Debug|Any CPU.ActiveCfg = Debug|Any CPU
		{3A61E0F5-DDAF-4F4F-9458-CAD12044C744}.Debug|Any CPU.Build.0 = Debug|Any CPU
		{3A61E0F5-DDAF-4F4F-9458-CAD12044C744}.Release|Any CPU.ActiveCfg = Release|Any CPU
		{3A61E0F5-DDAF-4F4F-9458-CAD12044C744}.Release|Any CPU.Build.0 = Release|Any CPU
		{9DF154F1-E142-4F73-A7B1-805910A6FCBB}.Debug|Any CPU.ActiveCfg = Debug|Any CPU
		{9DF154F1-E142-4F73-A7B1-805910A6FCBB}.Debug|Any CPU.Build.0 = Debug|Any CPU
		{9DF154F1-E142-4F73-A7B1-805910A6FCBB}.Release|Any CPU.ActiveCfg = Release|Any CPU
		{9DF154F1-E142-4F73-A7B1-805910A6FCBB}.Release|Any CPU.Build.0 = Release|Any CPU
		{E929CC80-220A-46B4-84D7-4517DA3CE2E2}.Debug|Any CPU.ActiveCfg = Debug|Any CPU
		{E929CC80-220A-46B4-84D7-4517DA3CE2E2}.Debug|Any CPU.Build.0 = Debug|Any CPU
		{E929CC80-220A-46B4-84D7-4517DA3CE2E2}.Release|Any CPU.ActiveCfg = Release|Any CPU
		{E929CC80-220A-46B4-84D7-4517DA3CE2E2}.Release|Any CPU.Build.0 = Release|Any CPU
		{7F197765-8A92-4B08-8123-E0730A10A9F0}.Debug|Any CPU.ActiveCfg = Debug|Any CPU
		{7F197765-8A92-4B08-8123-E0730A10A9F0}.Debug|Any CPU.Build.0 = Debug|Any CPU
		{7F197765-8A92-4B08-8123-E0730A10A9F0}.Release|Any CPU.ActiveCfg = Release|Any CPU
		{7F197765-8A92-4B08-8123-E0730A10A9F0}.Release|Any CPU.Build.0 = Release|Any CPU
		{6FC20E11-F55C-4D35-91C9-E08078A91B1A}.Debug|Any CPU.ActiveCfg = Debug|Any CPU
		{6FC20E11-F55C-4D35-91C9-E08078A91B1A}.Debug|Any CPU.Build.0 = Debug|Any CPU
		{6FC20E11-F55C-4D35-91C9-E08078A91B1A}.Release|Any CPU.ActiveCfg = Release|Any CPU
		{6FC20E11-F55C-4D35-91C9-E08078A91B1A}.Release|Any CPU.Build.0 = Release|Any CPU
		{6C82C442-640B-4DFE-B045-83074647FB9A}.Debug|Any CPU.ActiveCfg = Debug|Any CPU
		{6C82C442-640B-4DFE-B045-83074647FB9A}.Debug|Any CPU.Build.0 = Debug|Any CPU
		{6C82C442-640B-4DFE-B045-83074647FB9A}.Release|Any CPU.ActiveCfg = Release|Any CPU
		{6C82C442-640B-4DFE-B045-83074647FB9A}.Release|Any CPU.Build.0 = Release|Any CPU
		{7A3980BC-08D4-4F6A-870E-1CFAB724C04D}.Debug|Any CPU.ActiveCfg = Debug|Any CPU
		{7A3980BC-08D4-4F6A-870E-1CFAB724C04D}.Debug|Any CPU.Build.0 = Debug|Any CPU
		{7A3980BC-08D4-4F6A-870E-1CFAB724C04D}.Release|Any CPU.ActiveCfg = Release|Any CPU
		{7A3980BC-08D4-4F6A-870E-1CFAB724C04D}.Release|Any CPU.Build.0 = Release|Any CPU
		{CDB62965-EE75-48E1-95F4-69464F9347B8}.Debug|Any CPU.ActiveCfg = Debug|Any CPU
		{CDB62965-EE75-48E1-95F4-69464F9347B8}.Debug|Any CPU.Build.0 = Debug|Any CPU
		{CDB62965-EE75-48E1-95F4-69464F9347B8}.Release|Any CPU.ActiveCfg = Release|Any CPU
		{CDB62965-EE75-48E1-95F4-69464F9347B8}.Release|Any CPU.Build.0 = Release|Any CPU
		{B6FA983B-40D3-4188-96C1-F8FFF48E19A7}.Debug|Any CPU.ActiveCfg = Debug|Any CPU
		{B6FA983B-40D3-4188-96C1-F8FFF48E19A7}.Debug|Any CPU.Build.0 = Debug|Any CPU
		{B6FA983B-40D3-4188-96C1-F8FFF48E19A7}.Release|Any CPU.ActiveCfg = Release|Any CPU
		{B6FA983B-40D3-4188-96C1-F8FFF48E19A7}.Release|Any CPU.Build.0 = Release|Any CPU
		{131490F0-CA06-43A8-ADF9-FE355EDADB44}.Debug|Any CPU.ActiveCfg = Debug|Any CPU
		{131490F0-CA06-43A8-ADF9-FE355EDADB44}.Debug|Any CPU.Build.0 = Debug|Any CPU
		{131490F0-CA06-43A8-ADF9-FE355EDADB44}.Release|Any CPU.ActiveCfg = Release|Any CPU
		{131490F0-CA06-43A8-ADF9-FE355EDADB44}.Release|Any CPU.Build.0 = Release|Any CPU
		{EA1B6912-06DC-4F9E-A6A4-E2781EAB3FF7}.Debug|Any CPU.ActiveCfg = Debug|Any CPU
		{EA1B6912-06DC-4F9E-A6A4-E2781EAB3FF7}.Debug|Any CPU.Build.0 = Debug|Any CPU
		{EA1B6912-06DC-4F9E-A6A4-E2781EAB3FF7}.Release|Any CPU.ActiveCfg = Release|Any CPU
		{EA1B6912-06DC-4F9E-A6A4-E2781EAB3FF7}.Release|Any CPU.Build.0 = Release|Any CPU
		{BD221170-7556-4A7A-879B-9B8E21940F4D}.Debug|Any CPU.ActiveCfg = Debug|Any CPU
		{BD221170-7556-4A7A-879B-9B8E21940F4D}.Debug|Any CPU.Build.0 = Debug|Any CPU
		{BD221170-7556-4A7A-879B-9B8E21940F4D}.Release|Any CPU.ActiveCfg = Release|Any CPU
		{BD221170-7556-4A7A-879B-9B8E21940F4D}.Release|Any CPU.Build.0 = Release|Any CPU
		{CCC68620-F60A-49E1-8D5F-87FA6A51714A}.Debug|Any CPU.ActiveCfg = Debug|Any CPU
		{CCC68620-F60A-49E1-8D5F-87FA6A51714A}.Debug|Any CPU.Build.0 = Debug|Any CPU
		{CCC68620-F60A-49E1-8D5F-87FA6A51714A}.Release|Any CPU.ActiveCfg = Release|Any CPU
		{CCC68620-F60A-49E1-8D5F-87FA6A51714A}.Release|Any CPU.Build.0 = Release|Any CPU
		{57EE8EA7-5B66-4EAF-A92B-7FC71114C3EE}.Debug|Any CPU.ActiveCfg = Debug|Any CPU
		{57EE8EA7-5B66-4EAF-A92B-7FC71114C3EE}.Debug|Any CPU.Build.0 = Debug|Any CPU
		{57EE8EA7-5B66-4EAF-A92B-7FC71114C3EE}.Release|Any CPU.ActiveCfg = Release|Any CPU
		{57EE8EA7-5B66-4EAF-A92B-7FC71114C3EE}.Release|Any CPU.Build.0 = Release|Any CPU
		{C200627A-939D-4A62-A66C-A88F5FA392D9}.Debug|Any CPU.ActiveCfg = Debug|Any CPU
		{C200627A-939D-4A62-A66C-A88F5FA392D9}.Debug|Any CPU.Build.0 = Debug|Any CPU
		{C200627A-939D-4A62-A66C-A88F5FA392D9}.Release|Any CPU.ActiveCfg = Release|Any CPU
		{C200627A-939D-4A62-A66C-A88F5FA392D9}.Release|Any CPU.Build.0 = Release|Any CPU
		{43A8E041-8426-4263-BE38-6F07E2D35848}.Debug|Any CPU.ActiveCfg = Debug|Any CPU
		{43A8E041-8426-4263-BE38-6F07E2D35848}.Debug|Any CPU.Build.0 = Debug|Any CPU
		{43A8E041-8426-4263-BE38-6F07E2D35848}.Release|Any CPU.ActiveCfg = Release|Any CPU
		{43A8E041-8426-4263-BE38-6F07E2D35848}.Release|Any CPU.Build.0 = Release|Any CPU
		{2C00053C-0CAC-4429-AE63-13D9A3644954}.Debug|Any CPU.ActiveCfg = Debug|Any CPU
		{2C00053C-0CAC-4429-AE63-13D9A3644954}.Debug|Any CPU.Build.0 = Debug|Any CPU
		{2C00053C-0CAC-4429-AE63-13D9A3644954}.Release|Any CPU.ActiveCfg = Release|Any CPU
		{2C00053C-0CAC-4429-AE63-13D9A3644954}.Release|Any CPU.Build.0 = Release|Any CPU
		{4D096062-5427-4BD6-96BA-81ECEAB5E0BA}.Debug|Any CPU.ActiveCfg = Debug|Any CPU
		{4D096062-5427-4BD6-96BA-81ECEAB5E0BA}.Debug|Any CPU.Build.0 = Debug|Any CPU
		{4D096062-5427-4BD6-96BA-81ECEAB5E0BA}.Release|Any CPU.ActiveCfg = Release|Any CPU
		{4D096062-5427-4BD6-96BA-81ECEAB5E0BA}.Release|Any CPU.Build.0 = Release|Any CPU
		{CE8C63A7-4D09-4263-BC0B-9B94B125D1F2}.Debug|Any CPU.ActiveCfg = Debug|Any CPU
		{CE8C63A7-4D09-4263-BC0B-9B94B125D1F2}.Debug|Any CPU.Build.0 = Debug|Any CPU
		{CE8C63A7-4D09-4263-BC0B-9B94B125D1F2}.Release|Any CPU.ActiveCfg = Release|Any CPU
		{CE8C63A7-4D09-4263-BC0B-9B94B125D1F2}.Release|Any CPU.Build.0 = Release|Any CPU
		{056381E3-4BDE-40E4-90EA-BD01BECE9D48}.Debug|Any CPU.ActiveCfg = Debug|Any CPU
		{056381E3-4BDE-40E4-90EA-BD01BECE9D48}.Debug|Any CPU.Build.0 = Debug|Any CPU
		{056381E3-4BDE-40E4-90EA-BD01BECE9D48}.Release|Any CPU.ActiveCfg = Release|Any CPU
		{056381E3-4BDE-40E4-90EA-BD01BECE9D48}.Release|Any CPU.Build.0 = Release|Any CPU
		{933813A6-5F26-4F8B-B843-A86DDC3675E4}.Debug|Any CPU.ActiveCfg = Debug|Any CPU
		{933813A6-5F26-4F8B-B843-A86DDC3675E4}.Debug|Any CPU.Build.0 = Debug|Any CPU
		{933813A6-5F26-4F8B-B843-A86DDC3675E4}.Release|Any CPU.ActiveCfg = Release|Any CPU
		{933813A6-5F26-4F8B-B843-A86DDC3675E4}.Release|Any CPU.Build.0 = Release|Any CPU
		{2BFB9F46-DCBC-4486-89B2-3464EC169E65}.Debug|Any CPU.ActiveCfg = Debug|Any CPU
		{2BFB9F46-DCBC-4486-89B2-3464EC169E65}.Debug|Any CPU.Build.0 = Debug|Any CPU
		{2BFB9F46-DCBC-4486-89B2-3464EC169E65}.Release|Any CPU.ActiveCfg = Release|Any CPU
		{2BFB9F46-DCBC-4486-89B2-3464EC169E65}.Release|Any CPU.Build.0 = Release|Any CPU
		{4C43913B-94B9-4F89-82B9-3314F6D0384B}.Debug|Any CPU.ActiveCfg = Debug|Any CPU
		{4C43913B-94B9-4F89-82B9-3314F6D0384B}.Debug|Any CPU.Build.0 = Debug|Any CPU
		{4C43913B-94B9-4F89-82B9-3314F6D0384B}.Release|Any CPU.ActiveCfg = Release|Any CPU
		{4C43913B-94B9-4F89-82B9-3314F6D0384B}.Release|Any CPU.Build.0 = Release|Any CPU
		{19A78DB3-C151-4384-8689-539A03A1ED12}.Debug|Any CPU.ActiveCfg = Debug|Any CPU
		{19A78DB3-C151-4384-8689-539A03A1ED12}.Debug|Any CPU.Build.0 = Debug|Any CPU
		{19A78DB3-C151-4384-8689-539A03A1ED12}.Release|Any CPU.ActiveCfg = Release|Any CPU
		{19A78DB3-C151-4384-8689-539A03A1ED12}.Release|Any CPU.Build.0 = Release|Any CPU
	EndGlobalSection
	GlobalSection(SolutionProperties) = preSolution
		HideSolutionNode = FALSE
	EndGlobalSection
	GlobalSection(NestedProjects) = preSolution
		{FB79B064-56E3-419F-92B0-421A9C1DE52E} = {02EA681E-C7D8-13C7-8484-4AC65E1B71E8}
		{7A7E4858-C2FD-4AB2-B7CF-CBB80A90EF62} = {15A97E5F-026C-447A-97DD-DA689A533AA6}
		{5F22BFA9-D0BA-4245-A621-ECB77E8224F5} = {15A97E5F-026C-447A-97DD-DA689A533AA6}
		{AD16DBBA-1306-4312-94A0-3F0EF322317B} = {15A97E5F-026C-447A-97DD-DA689A533AA6}
		{4E243A4F-BB94-43E3-ACB7-3FDAE829005A} = {15A97E5F-026C-447A-97DD-DA689A533AA6}
		{DC781CC7-AC23-20F1-A6C9-536B16CC62F6} = {15A97E5F-026C-447A-97DD-DA689A533AA6}
		{2E2F55DF-CBD5-4B10-8188-65770FE8C673} = {15A97E5F-026C-447A-97DD-DA689A533AA6}
		{A779D893-0F2B-423B-BB23-E4A17701BD00} = {15A97E5F-026C-447A-97DD-DA689A533AA6}
		{C834B948-4E8E-4503-A665-D2FF0353D260} = {EF2B90D7-4484-46FA-99EF-E106C6DFA06E}
		{53E0E632-E6D0-40E7-8EE4-1347DDE3DE46} = {EF2B90D7-4484-46FA-99EF-E106C6DFA06E}
		{227BFDCC-0CE7-41D3-94A3-ED1A14EA58BB} = {EF2B90D7-4484-46FA-99EF-E106C6DFA06E}
		{3BE330F7-7492-4E4B-8448-BD3B0946F550} = {EF2B90D7-4484-46FA-99EF-E106C6DFA06E}
		{4EDE18B1-E30E-48CB-B4D6-5BF316BD992A} = {EF2B90D7-4484-46FA-99EF-E106C6DFA06E}
		{1F80F805-814D-43B7-AE5D-B28271C16258} = {EF2B90D7-4484-46FA-99EF-E106C6DFA06E}
		{19948C5B-8248-4A39-9CB2-68CE70F937A8} = {EF2B90D7-4484-46FA-99EF-E106C6DFA06E}
		{71464E9F-80CA-44A8-9BE8-92E7BB460ADD} = {EF2B90D7-4484-46FA-99EF-E106C6DFA06E}
		{F122F69E-9D42-4293-A6BE-4E459C27AB94} = {EF2B90D7-4484-46FA-99EF-E106C6DFA06E}
		{708B4F11-B79C-4334-B125-8488FAEAFCEE} = {EF2B90D7-4484-46FA-99EF-E106C6DFA06E}
		{E9A46AE9-36BF-441F-A8C7-EEDC3663E456} = {EF2B90D7-4484-46FA-99EF-E106C6DFA06E}
		{D19E7E74-16CD-47D7-BB71-E2DBDB73E120} = {EF2B90D7-4484-46FA-99EF-E106C6DFA06E}
		{C87A4B8B-C8D0-4AEA-BCE2-91FC8267CF24} = {EF2B90D7-4484-46FA-99EF-E106C6DFA06E}
		{E3E6CBB5-2FDD-4484-B464-47C2A8ADA4A6} = {BAC60D0C-D76F-44BB-885A-38087F95E787}
		{53EA234E-8E41-4965-B602-933C906F913F} = {BAC60D0C-D76F-44BB-885A-38087F95E787}
		{2640BF0D-2596-4A1E-9FEA-79C2037B42E7} = {BAC60D0C-D76F-44BB-885A-38087F95E787}
		{3DBA09BD-8851-45E5-B56E-A88F9F099A63} = {BAC60D0C-D76F-44BB-885A-38087F95E787}
		{3A61E0F5-DDAF-4F4F-9458-CAD12044C744} = {BAC60D0C-D76F-44BB-885A-38087F95E787}
		{9DF154F1-E142-4F73-A7B1-805910A6FCBB} = {BAC60D0C-D76F-44BB-885A-38087F95E787}
		{E929CC80-220A-46B4-84D7-4517DA3CE2E2} = {BAC60D0C-D76F-44BB-885A-38087F95E787}
		{7F197765-8A92-4B08-8123-E0730A10A9F0} = {BAC60D0C-D76F-44BB-885A-38087F95E787}
		{6FC20E11-F55C-4D35-91C9-E08078A91B1A} = {BAC60D0C-D76F-44BB-885A-38087F95E787}
		{6C82C442-640B-4DFE-B045-83074647FB9A} = {BAC60D0C-D76F-44BB-885A-38087F95E787}
		{7A3980BC-08D4-4F6A-870E-1CFAB724C04D} = {BAC60D0C-D76F-44BB-885A-38087F95E787}
		{CDB62965-EE75-48E1-95F4-69464F9347B8} = {BAC60D0C-D76F-44BB-885A-38087F95E787}
		{B6FA983B-40D3-4188-96C1-F8FFF48E19A7} = {BAC60D0C-D76F-44BB-885A-38087F95E787}
		{131490F0-CA06-43A8-ADF9-FE355EDADB44} = {BAC60D0C-D76F-44BB-885A-38087F95E787}
		{EA1B6912-06DC-4F9E-A6A4-E2781EAB3FF7} = {BAC60D0C-D76F-44BB-885A-38087F95E787}
		{BD221170-7556-4A7A-879B-9B8E21940F4D} = {BAC60D0C-D76F-44BB-885A-38087F95E787}
		{CCC68620-F60A-49E1-8D5F-87FA6A51714A} = {BAC60D0C-D76F-44BB-885A-38087F95E787}
		{57EE8EA7-5B66-4EAF-A92B-7FC71114C3EE} = {BAC60D0C-D76F-44BB-885A-38087F95E787}
		{C200627A-939D-4A62-A66C-A88F5FA392D9} = {BAC60D0C-D76F-44BB-885A-38087F95E787}
		{43A8E041-8426-4263-BE38-6F07E2D35848} = {BAC60D0C-D76F-44BB-885A-38087F95E787}
		{2C00053C-0CAC-4429-AE63-13D9A3644954} = {31D92B2B-AD48-42CD-ABF0-F70F5DAE565C}
		{4D096062-5427-4BD6-96BA-81ECEAB5E0BA} = {31D92B2B-AD48-42CD-ABF0-F70F5DAE565C}
		{CE8C63A7-4D09-4263-BC0B-9B94B125D1F2} = {31D92B2B-AD48-42CD-ABF0-F70F5DAE565C}
		{056381E3-4BDE-40E4-90EA-BD01BECE9D48} = {31D92B2B-AD48-42CD-ABF0-F70F5DAE565C}
		{933813A6-5F26-4F8B-B843-A86DDC3675E4} = {5EB35663-3962-4CCF-900C-9A5D34096208}
		{2BFB9F46-DCBC-4486-89B2-3464EC169E65} = {5EB35663-3962-4CCF-900C-9A5D34096208}
		{4C43913B-94B9-4F89-82B9-3314F6D0384B} = {5EB35663-3962-4CCF-900C-9A5D34096208}
		{19A78DB3-C151-4384-8689-539A03A1ED12} = {5EB35663-3962-4CCF-900C-9A5D34096208}
	EndGlobalSection
	GlobalSection(ExtensibilityGlobals) = postSolution
		SolutionGuid = {F783652E-3009-49EE-869B-F7F0F1D3A113}
	EndGlobalSection
EndGlobal
