
Microsoft Visual Studio Solution File, Format Version 12.00
# Visual Studio Version 17
VisualStudioVersion = 17.14.36109.1
MinimumVisualStudioVersion = 10.0.40219.1
Project("{2150E333-8FDC-42A3-9474-1A3956D46DE8}") = "Konu2_Tip_Donusumleri", "Konu2_Tip_Donusumleri", "{02EA681E-C7D8-13C7-8484-4AC65E1B71E8}"
EndProject
Project("{2150E333-8FDC-42A3-9474-1A3956D46DE8}") = "Konu3_Operatorler", "Konu3_Operatorler", "{15A97E5F-026C-447A-97DD-DA689A533AA6}"
EndProject
Project("{FAE04EC0-301F-11D3-BF4B-00C04F79EFBC}") = "260109_4_Convert_Tip_Donusumleri", "260113_4_Convert_Tip_Donusumleri\260109_4_Convert_Tip_Donusumleri.csproj", "{FB79B064-56E3-419F-92B0-421A9C1DE52E}"
EndProject
Project("{FAE04EC0-301F-11D3-BF4B-00C04F79EFBC}") = "260115_1_Aritmetik_Operatorler", "260115_1_Aritmetik_Operatorler\260115_1_Aritmetik_Operatorler.csproj", "{7A7E4858-C2FD-4AB2-B7CF-CBB80A90EF62}"
EndProject
Project("{FAE04EC0-301F-11D3-BF4B-00C04F79EFBC}") = "260115_2_Karsilastirma_Operatorleri", "260115_2_Karsilastirma_Operatorleri\260115_2_Karsilastirma_Operatorleri.csproj", "{5F22BFA9-D0BA-4245-A621-ECB77E8224F5}"
EndProject
Project("{FAE04EC0-301F-11D3-BF4B-00C04F79EFBC}") = "260115_3_Mantiksal_Operatorler", "260115_3_Mantiksal_Operatorler\260115_3_Mantiksal_Operatorler.csproj", "{AD16DBBA-1306-4312-94A0-3F0EF322317B}"
EndProject
Project("{FAE04EC0-301F-11D3-BF4B-00C04F79EFBC}") = "260115_4_Ornek_Operatorler", "260115_4_Ornek_Operatorler\260115_4_Ornek_Operatorler.csproj", "{4E243A4F-BB94-43E3-ACB7-3FDAE829005A}"
EndProject
Project("{FAE04EC0-301F-11D3-BF4B-00C04F79EFBC}") = "260116_1_Atama_Operatorleri", "..\console\AriBilgiConsoleDersleri\260116_1_Atama_Operatorleri\260116_1_Atama_Operatorleri.csproj", "{DC781CC7-AC23-20F1-A6C9-536B16CC62F6}"
EndProject
Project("{FAE04EC0-301F-11D3-BF4B-00C04F79EFBC}") = "260116_1_Atama_Operatorleri_", "260116_1_Atama_Operatorleri_\260116_1_Atama_Operatorleri_.csproj", "{2E2F55DF-CBD5-4B10-8188-65770FE8C673}"
EndProject
Project("{FAE04EC0-301F-11D3-BF4B-00C04F79EFBC}") = "260116_2_Odevler", "260116_2_Odevler\260116_2_Odevler.csproj", "{A779D893-0F2B-423B-BB23-E4A17701BD00}"
EndProject
Project("{2150E333-8FDC-42A3-9474-1A3956D46DE8}") = "Konu4_Karar_Yapilari", "Konu4_Karar_Yapilari", "{EF2B90D7-4484-46FA-99EF-E106C6DFA06E}"
EndProject
Project("{FAE04EC0-301F-11D3-BF4B-00C04F79EFBC}") = "260120_1_Tanim", "260120_1_Tanim\260120_1_Tanim.csproj", "{C834B948-4E8E-4503-A665-D2FF0353D260}"
EndProject
Project("{FAE04EC0-301F-11D3-BF4B-00C04F79EFBC}") = "260120_2_if_else_ornek", "260120_2_if_else_ornek\260120_2_if_else_ornek.csproj", "{53E0E632-E6D0-40E7-8EE4-1347DDE3DE46}"
EndProject
Project("{FAE04EC0-301F-11D3-BF4B-00C04F79EFBC}") = "260120_3_if_else_Login", "260120_3_if_else_Login\260120_3_if_else_Login.csproj", "{227BFDCC-0CE7-41D3-94A3-ED1A14EA58BB}"
EndProject
Project("{FAE04EC0-301F-11D3-BF4B-00C04F79EFBC}") = "260120_4_if_else_maas_cinsiyet", "260120_4_if_else_maas_cinsiyet\260120_4_if_else_maas_cinsiyet.csproj", "{3BE330F7-7492-4E4B-8448-BD3B0946F550}"
EndProject
Project("{FAE04EC0-301F-11D3-BF4B-00C04F79EFBC}") = "260120_5_if_elseif_else_Tanim", "260120_5_if_elseif_else_Tanim\260120_5_if_elseif_else_Tanim.csproj", "{4EDE18B1-E30E-48CB-B4D6-5BF316BD992A}"
EndProject
Global
	GlobalSection(SolutionConfigurationPlatforms) = preSolution
		Debug|Any CPU = Debug|Any CPU
		Release|Any CPU = Release|Any CPU
	EndGlobalSection
	GlobalSection(ProjectConfigurationPlatforms) = postSolution
		{FB79B064-56E3-419F-92B0-421A9C1DE52E}.Debug|Any CPU.ActiveCfg = Debug|Any CPU
		{FB79B064-56E3-419F-92B0-421A9C1DE52E}.Debug|Any CPU.Build.0 = Debug|Any CPU
		{FB79B064-56E3-419F-92B0-421A9C1DE52E}.Release|Any CPU.ActiveCfg = Release|Any CPU
		{FB79B064-56E3-419F-92B0-421A9C1DE52E}.Release|Any CPU.Build.0 = Release|Any CPU
		{7A7E4858-C2FD-4AB2-B7CF-CBB80A90EF62}.Debug|Any CPU.ActiveCfg = Debug|Any CPU
		{7A7E4858-C2FD-4AB2-B7CF-CBB80A90EF62}.Debug|Any CPU.Build.0 = Debug|Any CPU
		{7A7E4858-C2FD-4AB2-B7CF-CBB80A90EF62}.Release|Any CPU.ActiveCfg = Release|Any CPU
		{7A7E4858-C2FD-4AB2-B7CF-CBB80A90EF62}.Release|Any CPU.Build.0 = Release|Any CPU
		{5F22BFA9-D0BA-4245-A621-ECB77E8224F5}.Debug|Any CPU.ActiveCfg = Debug|Any CPU
		{5F22BFA9-D0BA-4245-A621-ECB77E8224F5}.Debug|Any CPU.Build.0 = Debug|Any CPU
		{5F22BFA9-D0BA-4245-A621-ECB77E8224F5}.Release|Any CPU.ActiveCfg = Release|Any CPU
		{5F22BFA9-D0BA-4245-A621-ECB77E8224F5}.Release|Any CPU.Build.0 = Release|Any CPU
		{AD16DBBA-1306-4312-94A0-3F0EF322317B}.Debug|Any CPU.ActiveCfg = Debug|Any CPU
		{AD16DBBA-1306-4312-94A0-3F0EF322317B}.Debug|Any CPU.Build.0 = Debug|Any CPU
		{AD16DBBA-1306-4312-94A0-3F0EF322317B}.Release|Any CPU.ActiveCfg = Release|Any CPU
		{AD16DBBA-1306-4312-94A0-3F0EF322317B}.Release|Any CPU.Build.0 = Release|Any CPU
		{4E243A4F-BB94-43E3-ACB7-3FDAE829005A}.Debug|Any CPU.ActiveCfg = Debug|Any CPU
		{4E243A4F-BB94-43E3-ACB7-3FDAE829005A}.Debug|Any CPU.Build.0 = Debug|Any CPU
		{4E243A4F-BB94-43E3-ACB7-3FDAE829005A}.Release|Any CPU.ActiveCfg = Release|Any CPU
		{4E243A4F-BB94-43E3-ACB7-3FDAE829005A}.Release|Any CPU.Build.0 = Release|Any CPU
		{DC781CC7-AC23-20F1-A6C9-536B16CC62F6}.Debug|Any CPU.ActiveCfg = Debug|Any CPU
		{DC781CC7-AC23-20F1-A6C9-536B16CC62F6}.Debug|Any CPU.Build.0 = Debug|Any CPU
		{DC781CC7-AC23-20F1-A6C9-536B16CC62F6}.Release|Any CPU.ActiveCfg = Release|Any CPU
		{DC781CC7-AC23-20F1-A6C9-536B16CC62F6}.Release|Any CPU.Build.0 = Release|Any CPU
		{2E2F55DF-CBD5-4B10-8188-65770FE8C673}.Debug|Any CPU.ActiveCfg = Debug|Any CPU
		{2E2F55DF-CBD5-4B10-8188-65770FE8C673}.Debug|Any CPU.Build.0 = Debug|Any CPU
		{2E2F55DF-CBD5-4B10-8188-65770FE8C673}.Release|Any CPU.ActiveCfg = Release|Any CPU
		{2E2F55DF-CBD5-4B10-8188-65770FE8C673}.Release|Any CPU.Build.0 = Release|Any CPU
		{A779D893-0F2B-423B-BB23-E4A17701BD00}.Debug|Any CPU.ActiveCfg = Debug|Any CPU
		{A779D893-0F2B-423B-BB23-E4A17701BD00}.Debug|Any CPU.Build.0 = Debug|Any CPU
		{A779D893-0F2B-423B-BB23-E4A17701BD00}.Release|Any CPU.ActiveCfg = Release|Any CPU
		{A779D893-0F2B-423B-BB23-E4A17701BD00}.Release|Any CPU.Build.0 = Release|Any CPU
		{C834B948-4E8E-4503-A665-D2FF0353D260}.Debug|Any CPU.ActiveCfg = Debug|Any CPU
		{C834B948-4E8E-4503-A665-D2FF0353D260}.Debug|Any CPU.Build.0 = Debug|Any CPU
		{C834B948-4E8E-4503-A665-D2FF0353D260}.Release|Any CPU.ActiveCfg = Release|Any CPU
		{C834B948-4E8E-4503-A665-D2FF0353D260}.Release|Any CPU.Build.0 = Release|Any CPU
		{53E0E632-E6D0-40E7-8EE4-1347DDE3DE46}.Debug|Any CPU.ActiveCfg = Debug|Any CPU
		{53E0E632-E6D0-40E7-8EE4-1347DDE3DE46}.Debug|Any CPU.Build.0 = Debug|Any CPU
		{53E0E632-E6D0-40E7-8EE4-1347DDE3DE46}.Release|Any CPU.ActiveCfg = Release|Any CPU
		{53E0E632-E6D0-40E7-8EE4-1347DDE3DE46}.Release|Any CPU.Build.0 = Release|Any CPU
		{227BFDCC-0CE7-41D3-94A3-ED1A14EA58BB}.Debug|Any CPU.ActiveCfg = Debug|Any CPU
		{227BFDCC-0CE7-41D3-94A3-ED1A14EA58BB}.Debug|Any CPU.Build.0 = Debug|Any CPU
		{227BFDCC-0CE7-41D3-94A3-ED1A14EA58BB}.Release|Any CPU.ActiveCfg = Release|Any CPU
		{227BFDCC-0CE7-41D3-94A3-ED1A14EA58BB}.Release|Any CPU.Build.0 = Release|Any CPU
		{3BE330F7-7492-4E4B-8448-BD3B0946F550}.Debug|Any CPU.ActiveCfg = Debug|Any CPU
		{3BE330F7-7492-4E4B-8448-BD3B0946F550}.Debug|Any CPU.Build.0 = Debug|Any CPU
		{3BE330F7-7492-4E4B-8448-BD3B0946F550}.Release|Any CPU.ActiveCfg = Release|Any CPU
		{3BE330F7-7492-4E4B-8448-BD3B0946F550}.Release|Any CPU.Build.0 = Release|Any CPU
		{4EDE18B1-E30E-48CB-B4D6-5BF316BD992A}.Debug|Any CPU.ActiveCfg = Debug|Any CPU
		{4EDE18B1-E30E-48CB-B4D6-5BF316BD992A}.Debug|Any CPU.Build.0 = Debug|Any CPU
		{4EDE18B1-E30E-48CB-B4D6-5BF316BD992A}.Release|Any CPU.ActiveCfg = Release|Any CPU
		{4EDE18B1-E30E-48CB-B4D6-5BF316BD992A}.Release|Any CPU.Build.0 = Release|Any CPU
	EndGlobalSection
	GlobalSection(SolutionProperties) = preSolution
		HideSolutionNode = FALSE
	EndGlobalSection
	GlobalSection(NestedProjects) = preSolution
		{FB79B064-56E3-419F-92B0-421A9C1DE52E} = {02EA681E-C7D8-13C7-8484-4AC65E1B71E8}
		{7A7E4858-C2FD-4AB2-B7CF-CBB80A90EF62} = {15A97E5F-026C-447A-97DD-DA689A533AA6}
		{5F22BFA9-D0BA-4245-A621-ECB77E8224F5} = {15A97E5F-026C-447A-97DD-DA689A533AA6}
		{AD16DBBA-1306-4312-94A0-3F0EF322317B} = {15A97E5F-026C-447A-97DD-DA689A533AA6}
		{4E243A4F-BB94-43E3-ACB7-3FDAE829005A} = {15A97E5F-026C-447A-97DD-DA689A533AA6}
		{DC781CC7-AC23-20F1-A6C9-536B16CC62F6} = {15A97E5F-026C-447A-97DD-DA689A533AA6}
		{2E2F55DF-CBD5-4B10-8188-65770FE8C673} = {15A97E5F-026C-447A-97DD-DA689A533AA6}
		{A779D893-0F2B-423B-BB23-E4A17701BD00} = {15A97E5F-026C-447A-97DD-DA689A533AA6}
		{C834B948-4E8E-4503-A665-D2FF0353D260} = {EF2B90D7-4484-46FA-99EF-E106C6DFA06E}
		{53E0E632-E6D0-40E7-8EE4-1347DDE3DE46} = {EF2B90D7-4484-46FA-99EF-E106C6DFA06E}
		{227BFDCC-0CE7-41D3-94A3-ED1A14EA58BB} = {EF2B90D7-4484-46FA-99EF-E106C6DFA06E}
		{3BE330F7-7492-4E4B-8448-BD3B0946F550} = {EF2B90D7-4484-46FA-99EF-E106C6DFA06E}
		{4EDE18B1-E30E-48CB-B4D6-5BF316BD992A} = {EF2B90D7-4484-46FA-99EF-E106C6DFA06E}
	EndGlobalSection
	GlobalSection(ExtensibilityGlobals) = postSolution
		SolutionGuid = {F783652E-3009-49EE-869B-F7F0F1D3A113}
	EndGlobalSection
EndGlobal
